// !$*UTF8*$!
{
	archiveVersion = 1;
	classes = {
	};
	objectVersion = 46;
	objects = {

/* Begin PBXBuildFile section */
		8B6A6FCD18FC6AD60024B347 /* Foundation.framework in Frameworks */ = {isa = PBXBuildFile; fileRef = 8B6A6FCC18FC6AD60024B347 /* Foundation.framework */; };
		8B6A6FCF18FC6AD60024B347 /* CoreGraphics.framework in Frameworks */ = {isa = PBXBuildFile; fileRef = 8B6A6FCE18FC6AD60024B347 /* CoreGraphics.framework */; };
		8B6A6FD118FC6AD60024B347 /* UIKit.framework in Frameworks */ = {isa = PBXBuildFile; fileRef = 8B6A6FD018FC6AD60024B347 /* UIKit.framework */; };
		8B6A6FD718FC6AD60024B347 /* InfoPlist.strings in Resources */ = {isa = PBXBuildFile; fileRef = 8B6A6FD518FC6AD60024B347 /* InfoPlist.strings */; };
		8B6A6FD918FC6AD60024B347 /* main.m in Sources */ = {isa = PBXBuildFile; fileRef = 8B6A6FD818FC6AD60024B347 /* main.m */; };
		8B6A6FDD18FC6AD70024B347 /* CHAppDelegate.m in Sources */ = {isa = PBXBuildFile; fileRef = 8B6A6FDC18FC6AD70024B347 /* CHAppDelegate.m */; };
		8B6A6FDF18FC6AD70024B347 /* Images.xcassets in Resources */ = {isa = PBXBuildFile; fileRef = 8B6A6FDE18FC6AD70024B347 /* Images.xcassets */; };
		8B6A6FE618FC6AD70024B347 /* XCTest.framework in Frameworks */ = {isa = PBXBuildFile; fileRef = 8B6A6FE518FC6AD70024B347 /* XCTest.framework */; };
		8B6A6FE718FC6AD70024B347 /* Foundation.framework in Frameworks */ = {isa = PBXBuildFile; fileRef = 8B6A6FCC18FC6AD60024B347 /* Foundation.framework */; };
		8B6A6FE818FC6AD70024B347 /* UIKit.framework in Frameworks */ = {isa = PBXBuildFile; fileRef = 8B6A6FD018FC6AD60024B347 /* UIKit.framework */; };
		8B6A6FF018FC6AD70024B347 /* InfoPlist.strings in Resources */ = {isa = PBXBuildFile; fileRef = 8B6A6FEE18FC6AD70024B347 /* InfoPlist.strings */; };
		8B6A6FF218FC6AD70024B347 /* ScrollingNavBarTests.m in Sources */ = {isa = PBXBuildFile; fileRef = 8B6A6FF118FC6AD70024B347 /* ScrollingNavBarTests.m */; };
		8B6A6FFD18FC6B2F0024B347 /* CHScrollingNavBarViewController.m in Sources */ = {isa = PBXBuildFile; fileRef = 8B6A6FFC18FC6B2F0024B347 /* CHScrollingNavBarViewController.m */; };
		8B6A700018FC6C910024B347 /* CHExampleViewController.m in Sources */ = {isa = PBXBuildFile; fileRef = 8B6A6FFF18FC6C910024B347 /* CHExampleViewController.m */; };
		8B6A700218FC6DAD0024B347 /* CHExampleViewController.xib in Resources */ = {isa = PBXBuildFile; fileRef = 8B6A700118FC6DAD0024B347 /* CHExampleViewController.xib */; };
/* End PBXBuildFile section */

/* Begin PBXContainerItemProxy section */
		8B6A6FE918FC6AD70024B347 /* PBXContainerItemProxy */ = {
			isa = PBXContainerItemProxy;
			containerPortal = 8B6A6FC118FC6AD60024B347 /* Project object */;
			proxyType = 1;
			remoteGlobalIDString = 8B6A6FC818FC6AD60024B347;
			remoteInfo = ScrollingNavBar;
		};
/* End PBXContainerItemProxy section */

/* Begin PBXFileReference section */
		8B6A6FC918FC6AD60024B347 /* ScrollingNavBar.app */ = {isa = PBXFileReference; explicitFileType = wrapper.application; includeInIndex = 0; path = ScrollingNavBar.app; sourceTree = BUILT_PRODUCTS_DIR; };
		8B6A6FCC18FC6AD60024B347 /* Foundation.framework */ = {isa = PBXFileReference; lastKnownFileType = wrapper.framework; name = Foundation.framework; path = System/Library/Frameworks/Foundation.framework; sourceTree = SDKROOT; };
		8B6A6FCE18FC6AD60024B347 /* CoreGraphics.framework */ = {isa = PBXFileReference; lastKnownFileType = wrapper.framework; name = CoreGraphics.framework; path = System/Library/Frameworks/CoreGraphics.framework; sourceTree = SDKROOT; };
		8B6A6FD018FC6AD60024B347 /* UIKit.framework */ = {isa = PBXFileReference; lastKnownFileType = wrapper.framework; name = UIKit.framework; path = System/Library/Frameworks/UIKit.framework; sourceTree = SDKROOT; };
		8B6A6FD418FC6AD60024B347 /* ScrollingNavBar-Info.plist */ = {isa = PBXFileReference; lastKnownFileType = text.plist.xml; path = "ScrollingNavBar-Info.plist"; sourceTree = "<group>"; };
		8B6A6FD618FC6AD60024B347 /* en */ = {isa = PBXFileReference; lastKnownFileType = text.plist.strings; name = en; path = en.lproj/InfoPlist.strings; sourceTree = "<group>"; };
		8B6A6FD818FC6AD60024B347 /* main.m */ = {isa = PBXFileReference; lastKnownFileType = sourcecode.c.objc; path = main.m; sourceTree = "<group>"; };
		8B6A6FDA18FC6AD70024B347 /* ScrollingNavBar-Prefix.pch */ = {isa = PBXFileReference; lastKnownFileType = sourcecode.c.h; path = "ScrollingNavBar-Prefix.pch"; sourceTree = "<group>"; };
		8B6A6FDB18FC6AD70024B347 /* CHAppDelegate.h */ = {isa = PBXFileReference; lastKnownFileType = sourcecode.c.h; path = CHAppDelegate.h; sourceTree = "<group>"; };
		8B6A6FDC18FC6AD70024B347 /* CHAppDelegate.m */ = {isa = PBXFileReference; lastKnownFileType = sourcecode.c.objc; path = CHAppDelegate.m; sourceTree = "<group>"; };
		8B6A6FDE18FC6AD70024B347 /* Images.xcassets */ = {isa = PBXFileReference; lastKnownFileType = folder.assetcatalog; path = Images.xcassets; sourceTree = "<group>"; };
		8B6A6FE418FC6AD70024B347 /* ScrollingNavBarTests.xctest */ = {isa = PBXFileReference; explicitFileType = wrapper.cfbundle; includeInIndex = 0; path = ScrollingNavBarTests.xctest; sourceTree = BUILT_PRODUCTS_DIR; };
		8B6A6FE518FC6AD70024B347 /* XCTest.framework */ = {isa = PBXFileReference; lastKnownFileType = wrapper.framework; name = XCTest.framework; path = Library/Frameworks/XCTest.framework; sourceTree = DEVELOPER_DIR; };
		8B6A6FED18FC6AD70024B347 /* ScrollingNavBarTests-Info.plist */ = {isa = PBXFileReference; lastKnownFileType = text.plist.xml; path = "ScrollingNavBarTests-Info.plist"; sourceTree = "<group>"; };
		8B6A6FEF18FC6AD70024B347 /* en */ = {isa = PBXFileReference; lastKnownFileType = text.plist.strings; name = en; path = en.lproj/InfoPlist.strings; sourceTree = "<group>"; };
		8B6A6FF118FC6AD70024B347 /* ScrollingNavBarTests.m */ = {isa = PBXFileReference; lastKnownFileType = sourcecode.c.objc; path = ScrollingNavBarTests.m; sourceTree = "<group>"; };
		8B6A6FFB18FC6B2F0024B347 /* CHScrollingNavBarViewController.h */ = {isa = PBXFileReference; fileEncoding = 4; lastKnownFileType = sourcecode.c.h; path = CHScrollingNavBarViewController.h; sourceTree = "<group>"; };
		8B6A6FFC18FC6B2F0024B347 /* CHScrollingNavBarViewController.m */ = {isa = PBXFileReference; fileEncoding = 4; lastKnownFileType = sourcecode.c.objc; path = CHScrollingNavBarViewController.m; sourceTree = "<group>"; };
		8B6A6FFE18FC6C910024B347 /* CHExampleViewController.h */ = {isa = PBXFileReference; fileEncoding = 4; lastKnownFileType = sourcecode.c.h; path = CHExampleViewController.h; sourceTree = "<group>"; };
		8B6A6FFF18FC6C910024B347 /* CHExampleViewController.m */ = {isa = PBXFileReference; fileEncoding = 4; lastKnownFileType = sourcecode.c.objc; path = CHExampleViewController.m; sourceTree = "<group>"; };
		8B6A700118FC6DAD0024B347 /* CHExampleViewController.xib */ = {isa = PBXFileReference; fileEncoding = 4; lastKnownFileType = file.xib; path = CHExampleViewController.xib; sourceTree = "<group>"; };
/* End PBXFileReference section */

/* Begin PBXFrameworksBuildPhase section */
		8B6A6FC618FC6AD60024B347 /* Frameworks */ = {
			isa = PBXFrameworksBuildPhase;
			buildActionMask = 2147483647;
			files = (
				8B6A6FCF18FC6AD60024B347 /* CoreGraphics.framework in Frameworks */,
				8B6A6FD118FC6AD60024B347 /* UIKit.framework in Frameworks */,
				8B6A6FCD18FC6AD60024B347 /* Foundation.framework in Frameworks */,
			);
			runOnlyForDeploymentPostprocessing = 0;
		};
		8B6A6FE118FC6AD70024B347 /* Frameworks */ = {
			isa = PBXFrameworksBuildPhase;
			buildActionMask = 2147483647;
			files = (
				8B6A6FE618FC6AD70024B347 /* XCTest.framework in Frameworks */,
				8B6A6FE818FC6AD70024B347 /* UIKit.framework in Frameworks */,
				8B6A6FE718FC6AD70024B347 /* Foundation.framework in Frameworks */,
			);
			runOnlyForDeploymentPostprocessing = 0;
		};
/* End PBXFrameworksBuildPhase section */

/* Begin PBXGroup section */
		8B6A6FC018FC6AD60024B347 = {
			isa = PBXGroup;
			children = (
				8B6A6FD218FC6AD60024B347 /* ScrollingNavBar */,
				8B6A6FEB18FC6AD70024B347 /* ScrollingNavBarTests */,
				8B6A6FCB18FC6AD60024B347 /* Frameworks */,
				8B6A6FCA18FC6AD60024B347 /* Products */,
			);
			sourceTree = "<group>";
		};
		8B6A6FCA18FC6AD60024B347 /* Products */ = {
			isa = PBXGroup;
			children = (
				8B6A6FC918FC6AD60024B347 /* ScrollingNavBar.app */,
				8B6A6FE418FC6AD70024B347 /* ScrollingNavBarTests.xctest */,
			);
			name = Products;
			sourceTree = "<group>";
		};
		8B6A6FCB18FC6AD60024B347 /* Frameworks */ = {
			isa = PBXGroup;
			children = (
				8B6A6FCC18FC6AD60024B347 /* Foundation.framework */,
				8B6A6FCE18FC6AD60024B347 /* CoreGraphics.framework */,
				8B6A6FD018FC6AD60024B347 /* UIKit.framework */,
				8B6A6FE518FC6AD70024B347 /* XCTest.framework */,
			);
			name = Frameworks;
			sourceTree = "<group>";
		};
		8B6A6FD218FC6AD60024B347 /* ScrollingNavBar */ = {
			isa = PBXGroup;
			children = (
				8B6A6FDB18FC6AD70024B347 /* CHAppDelegate.h */,
				8B6A6FDC18FC6AD70024B347 /* CHAppDelegate.m */,
				8B6A6FDE18FC6AD70024B347 /* Images.xcassets */,
				8B6A6FD318FC6AD60024B347 /* Supporting Files */,
				8B6A6FFB18FC6B2F0024B347 /* CHScrollingNavBarViewController.h */,
				8B6A6FFC18FC6B2F0024B347 /* CHScrollingNavBarViewController.m */,
				8B6A6FFE18FC6C910024B347 /* CHExampleViewController.h */,
				8B6A6FFF18FC6C910024B347 /* CHExampleViewController.m */,
				8B6A700118FC6DAD0024B347 /* CHExampleViewController.xib */,
			);
			path = ScrollingNavBar;
			sourceTree = "<group>";
		};
		8B6A6FD318FC6AD60024B347 /* Supporting Files */ = {
			isa = PBXGroup;
			children = (
				8B6A6FD418FC6AD60024B347 /* ScrollingNavBar-Info.plist */,
				8B6A6FD518FC6AD60024B347 /* InfoPlist.strings */,
				8B6A6FD818FC6AD60024B347 /* main.m */,
				8B6A6FDA18FC6AD70024B347 /* ScrollingNavBar-Prefix.pch */,
			);
			name = "Supporting Files";
			sourceTree = "<group>";
		};
		8B6A6FEB18FC6AD70024B347 /* ScrollingNavBarTests */ = {
			isa = PBXGroup;
			children = (
				8B6A6FF118FC6AD70024B347 /* ScrollingNavBarTests.m */,
				8B6A6FEC18FC6AD70024B347 /* Supporting Files */,
			);
			path = ScrollingNavBarTests;
			sourceTree = "<group>";
		};
		8B6A6FEC18FC6AD70024B347 /* Supporting Files */ = {
			isa = PBXGroup;
			children = (
				8B6A6FED18FC6AD70024B347 /* ScrollingNavBarTests-Info.plist */,
				8B6A6FEE18FC6AD70024B347 /* InfoPlist.strings */,
			);
			name = "Supporting Files";
			sourceTree = "<group>";
		};
/* End PBXGroup section */

/* Begin PBXNativeTarget section */
		8B6A6FC818FC6AD60024B347 /* ScrollingNavBar */ = {
			isa = PBXNativeTarget;
			buildConfigurationList = 8B6A6FF518FC6AD70024B347 /* Build configuration list for PBXNativeTarget "ScrollingNavBar" */;
			buildPhases = (
				8B6A6FC518FC6AD60024B347 /* Sources */,
				8B6A6FC618FC6AD60024B347 /* Frameworks */,
				8B6A6FC718FC6AD60024B347 /* Resources */,
			);
			buildRules = (
			);
			dependencies = (
			);
			name = ScrollingNavBar;
			productName = ScrollingNavBar;
			productReference = 8B6A6FC918FC6AD60024B347 /* ScrollingNavBar.app */;
			productType = "com.apple.product-type.application";
		};
		8B6A6FE318FC6AD70024B347 /* ScrollingNavBarTests */ = {
			isa = PBXNativeTarget;
			buildConfigurationList = 8B6A6FF818FC6AD70024B347 /* Build configuration list for PBXNativeTarget "ScrollingNavBarTests" */;
			buildPhases = (
				8B6A6FE018FC6AD70024B347 /* Sources */,
				8B6A6FE118FC6AD70024B347 /* Frameworks */,
				8B6A6FE218FC6AD70024B347 /* Resources */,
			);
			buildRules = (
			);
			dependencies = (
				8B6A6FEA18FC6AD70024B347 /* PBXTargetDependency */,
			);
			name = ScrollingNavBarTests;
			productName = ScrollingNavBarTests;
			productReference = 8B6A6FE418FC6AD70024B347 /* ScrollingNavBarTests.xctest */;
			productType = "com.apple.product-type.bundle.unit-test";
		};
/* End PBXNativeTarget section */

/* Begin PBXProject section */
		8B6A6FC118FC6AD60024B347 /* Project object */ = {
			isa = PBXProject;
			attributes = {
				CLASSPREFIX = CH;
				LastUpgradeCheck = 0510;
				ORGANIZATIONNAME = croberth;
				TargetAttributes = {
					8B6A6FE318FC6AD70024B347 = {
						TestTargetID = 8B6A6FC818FC6AD60024B347;
					};
				};
			};
			buildConfigurationList = 8B6A6FC418FC6AD60024B347 /* Build configuration list for PBXProject "ScrollingNavBar" */;
			compatibilityVersion = "Xcode 3.2";
			developmentRegion = English;
			hasScannedForEncodings = 0;
			knownRegions = (
				en,
			);
			mainGroup = 8B6A6FC018FC6AD60024B347;
			productRefGroup = 8B6A6FCA18FC6AD60024B347 /* Products */;
			projectDirPath = "";
			projectRoot = "";
			targets = (
				8B6A6FC818FC6AD60024B347 /* ScrollingNavBar */,
				8B6A6FE318FC6AD70024B347 /* ScrollingNavBarTests */,
			);
		};
/* End PBXProject section */

/* Begin PBXResourcesBuildPhase section */
		8B6A6FC718FC6AD60024B347 /* Resources */ = {
			isa = PBXResourcesBuildPhase;
			buildActionMask = 2147483647;
			files = (
				8B6A6FD718FC6AD60024B347 /* InfoPlist.strings in Resources */,
				8B6A700218FC6DAD0024B347 /* CHExampleViewController.xib in Resources */,
				8B6A6FDF18FC6AD70024B347 /* Images.xcassets in Resources */,
			);
			runOnlyForDeploymentPostprocessing = 0;
		};
		8B6A6FE218FC6AD70024B347 /* Resources */ = {
			isa = PBXResourcesBuildPhase;
			buildActionMask = 2147483647;
			files = (
				8B6A6FF018FC6AD70024B347 /* InfoPlist.strings in Resources */,
			);
			runOnlyForDeploymentPostprocessing = 0;
		};
/* End PBXResourcesBuildPhase section */

/* Begin PBXSourcesBuildPhase section */
		8B6A6FC518FC6AD60024B347 /* Sources */ = {
			isa = PBXSourcesBuildPhase;
			buildActionMask = 2147483647;
			files = (
				8B6A6FD918FC6AD60024B347 /* main.m in Sources */,
				8B6A6FFD18FC6B2F0024B347 /* CHScrollingNavBarViewController.m in Sources */,
				8B6A700018FC6C910024B347 /* CHExampleViewController.m in Sources */,
				8B6A6FDD18FC6AD70024B347 /* CHAppDelegate.m in Sources */,
			);
			runOnlyForDeploymentPostprocessing = 0;
		};
		8B6A6FE018FC6AD70024B347 /* Sources */ = {
			isa = PBXSourcesBuildPhase;
			buildActionMask = 2147483647;
			files = (
				8B6A6FF218FC6AD70024B347 /* ScrollingNavBarTests.m in Sources */,
			);
			runOnlyForDeploymentPostprocessing = 0;
		};
/* End PBXSourcesBuildPhase section */

/* Begin PBXTargetDependency section */
		8B6A6FEA18FC6AD70024B347 /* PBXTargetDependency */ = {
			isa = PBXTargetDependency;
			target = 8B6A6FC818FC6AD60024B347 /* ScrollingNavBar */;
			targetProxy = 8B6A6FE918FC6AD70024B347 /* PBXContainerItemProxy */;
		};
/* End PBXTargetDependency section */

/* Begin PBXVariantGroup section */
		8B6A6FD518FC6AD60024B347 /* InfoPlist.strings */ = {
			isa = PBXVariantGroup;
			children = (
				8B6A6FD618FC6AD60024B347 /* en */,
			);
			name = InfoPlist.strings;
			sourceTree = "<group>";
		};
		8B6A6FEE18FC6AD70024B347 /* InfoPlist.strings */ = {
			isa = PBXVariantGroup;
			children = (
				8B6A6FEF18FC6AD70024B347 /* en */,
			);
			name = InfoPlist.strings;
			sourceTree = "<group>";
		};
/* End PBXVariantGroup section */

/* Begin XCBuildConfiguration section */
		8B6A6FF318FC6AD70024B347 /* Debug */ = {
			isa = XCBuildConfiguration;
			buildSettings = {
				ALWAYS_SEARCH_USER_PATHS = NO;
				CLANG_CXX_LANGUAGE_STANDARD = "gnu++0x";
				CLANG_CXX_LIBRARY = "libc++";
				CLANG_ENABLE_MODULES = YES;
				CLANG_ENABLE_OBJC_ARC = YES;
				CLANG_WARN_BOOL_CONVERSION = YES;
				CLANG_WARN_CONSTANT_CONVERSION = YES;
				CLANG_WARN_DIRECT_OBJC_ISA_USAGE = YES_ERROR;
				CLANG_WARN_EMPTY_BODY = YES;
				CLANG_WARN_ENUM_CONVERSION = YES;
				CLANG_WARN_INT_CONVERSION = YES;
				CLANG_WARN_OBJC_ROOT_CLASS = YES_ERROR;
				CLANG_WARN__DUPLICATE_METHOD_MATCH = YES;
				"CODE_SIGN_IDENTITY[sdk=iphoneos*]" = "iPhone Developer";
				COPY_PHASE_STRIP = NO;
				GCC_C_LANGUAGE_STANDARD = gnu99;
				GCC_DYNAMIC_NO_PIC = NO;
				GCC_OPTIMIZATION_LEVEL = 0;
				GCC_PREPROCESSOR_DEFINITIONS = (
					"DEBUG=1",
					"$(inherited)",
				);
				GCC_SYMBOLS_PRIVATE_EXTERN = NO;
				GCC_WARN_64_TO_32_BIT_CONVERSION = YES;
				GCC_WARN_ABOUT_RETURN_TYPE = YES_ERROR;
				GCC_WARN_UNDECLARED_SELECTOR = YES;
				GCC_WARN_UNINITIALIZED_AUTOS = YES_AGGRESSIVE;
				GCC_WARN_UNUSED_FUNCTION = YES;
				GCC_WARN_UNUSED_VARIABLE = YES;
				IPHONEOS_DEPLOYMENT_TARGET = 7.1;
				ONLY_ACTIVE_ARCH = YES;
				SDKROOT = iphoneos;
			};
			name = Debug;
		};
		8B6A6FF418FC6AD70024B347 /* Release */ = {
			isa = XCBuildConfiguration;
			buildSettings = {
				ALWAYS_SEARCH_USER_PATHS = NO;
				CLANG_CXX_LANGUAGE_STANDARD = "gnu++0x";
				CLANG_CXX_LIBRARY = "libc++";
				CLANG_ENABLE_MODULES = YES;
				CLANG_ENABLE_OBJC_ARC = YES;
				CLANG_WARN_BOOL_CONVERSION = YES;
				CLANG_WARN_CONSTANT_CONVERSION = YES;
				CLANG_WARN_DIRECT_OBJC_ISA_USAGE = YES_ERROR;
				CLANG_WARN_EMPTY_BODY = YES;
				CLANG_WARN_ENUM_CONVERSION = YES;
				CLANG_WARN_INT_CONVERSION = YES;
				CLANG_WARN_OBJC_ROOT_CLASS = YES_ERROR;
				CLANG_WARN__DUPLICATE_METHOD_MATCH = YES;
				"CODE_SIGN_IDENTITY[sdk=iphoneos*]" = "iPhone Developer";
				COPY_PHASE_STRIP = YES;
				ENABLE_NS_ASSERTIONS = NO;
				GCC_C_LANGUAGE_STANDARD = gnu99;
				GCC_WARN_64_TO_32_BIT_CONVERSION = YES;
				GCC_WARN_ABOUT_RETURN_TYPE = YES_ERROR;
				GCC_WARN_UNDECLARED_SELECTOR = YES;
				GCC_WARN_UNINITIALIZED_AUTOS = YES_AGGRESSIVE;
				GCC_WARN_UNUSED_FUNCTION = YES;
				GCC_WARN_UNUSED_VARIABLE = YES;
				IPHONEOS_DEPLOYMENT_TARGET = 7.1;
				SDKROOT = iphoneos;
				VALIDATE_PRODUCT = YES;
			};
			name = Release;
		};
		8B6A6FF618FC6AD70024B347 /* Debug */ = {
			isa = XCBuildConfiguration;
			buildSettings = {
				ASSETCATALOG_COMPILER_APPICON_NAME = AppIcon;
				ASSETCATALOG_COMPILER_LAUNCHIMAGE_NAME = LaunchImage;
				GCC_PRECOMPILE_PREFIX_HEADER = YES;
				GCC_PREFIX_HEADER = "ScrollingNavBar/ScrollingNavBar-Prefix.pch";
				INFOPLIST_FILE = "ScrollingNavBar/ScrollingNavBar-Info.plist";
				PRODUCT_NAME = "$(TARGET_NAME)";
				WRAPPER_EXTENSION = app;
			};
			name = Debug;
		};
		8B6A6FF718FC6AD70024B347 /* Release */ = {
			isa = XCBuildConfiguration;
			buildSettings = {
				ASSETCATALOG_COMPILER_APPICON_NAME = AppIcon;
				ASSETCATALOG_COMPILER_LAUNCHIMAGE_NAME = LaunchImage;
				GCC_PRECOMPILE_PREFIX_HEADER = YES;
				GCC_PREFIX_HEADER = "ScrollingNavBar/ScrollingNavBar-Prefix.pch";
				INFOPLIST_FILE = "ScrollingNavBar/ScrollingNavBar-Info.plist";
				PRODUCT_NAME = "$(TARGET_NAME)";
				WRAPPER_EXTENSION = app;
			};
			name = Release;
		};
		8B6A6FF918FC6AD70024B347 /* Debug */ = {
			isa = XCBuildConfiguration;
			buildSettings = {
				BUNDLE_LOADER = "$(BUILT_PRODUCTS_DIR)/ScrollingNavBar.app/ScrollingNavBar";
				FRAMEWORK_SEARCH_PATHS = (
					"$(SDKROOT)/Developer/Library/Frameworks",
					"$(inherited)",
					"$(DEVELOPER_FRAMEWORKS_DIR)",
				);
				GCC_PRECOMPILE_PREFIX_HEADER = YES;
				GCC_PREFIX_HEADER = "ScrollingNavBar/ScrollingNavBar-Prefix.pch";
				GCC_PREPROCESSOR_DEFINITIONS = (
					"DEBUG=1",
					"$(inherited)",
				);
				INFOPLIST_FILE = "ScrollingNavBarTests/ScrollingNavBarTests-Info.plist";
				PRODUCT_NAME = "$(TARGET_NAME)";
				TEST_HOST = "$(BUNDLE_LOADER)";
				WRAPPER_EXTENSION = xctest;
			};
			name = Debug;
		};
		8B6A6FFA18FC6AD70024B347 /* Release */ = {
			isa = XCBuildConfiguration;
			buildSettings = {
				BUNDLE_LOADER = "$(BUILT_PRODUCTS_DIR)/ScrollingNavBar.app/ScrollingNavBar";
				FRAMEWORK_SEARCH_PATHS = (
					"$(SDKROOT)/Developer/Library/Frameworks",
					"$(inherited)",
					"$(DEVELOPER_FRAMEWORKS_DIR)",
				);
				GCC_PRECOMPILE_PREFIX_HEADER = YES;
				GCC_PREFIX_HEADER = "ScrollingNavBar/ScrollingNavBar-Prefix.pch";
				INFOPLIST_FILE = "ScrollingNavBarTests/ScrollingNavBarTests-Info.plist";
				PRODUCT_NAME = "$(TARGET_NAME)";
				TEST_HOST = "$(BUNDLE_LOADER)";
				WRAPPER_EXTENSION = xctest;
			};
			name = Release;
		};
/* End XCBuildConfiguration section */

/* Begin XCConfigurationList section */
		8B6A6FC418FC6AD60024B347 /* Build configuration list for PBXProject "ScrollingNavBar" */ = {
			isa = XCConfigurationList;
			buildConfigurations = (
				8B6A6FF318FC6AD70024B347 /* Debug */,
				8B6A6FF418FC6AD70024B347 /* Release */,
			);
			defaultConfigurationIsVisible = 0;
			defaultConfigurationName = Release;
		};
		8B6A6FF518FC6AD70024B347 /* Build configuration list for PBXNativeTarget "ScrollingNavBar" */ = {
			isa = XCConfigurationList;
			buildConfigurations = (
				8B6A6FF618FC6AD70024B347 /* Debug */,
				8B6A6FF718FC6AD70024B347 /* Release */,
			);
			defaultConfigurationIsVisible = 0;
		};
		8B6A6FF818FC6AD70024B347 /* Build configuration list for PBXNativeTarget "ScrollingNavBarTests" */ = {
			isa = XCConfigurationList;
			buildConfigurations = (
				8B6A6FF918FC6AD70024B347 /* Debug */,
				8B6A6FFA18FC6AD70024B347 /* Release */,
			);
			defaultConfigurationIsVisible = 0;
		};
/* End XCConfigurationList section */
	};
	rootObject = 8B6A6FC118FC6AD60024B347 /* Project object */;
}
